
Microsoft Visual Studio Solution File, Format Version 12.00
# Visual Studio 15
VisualStudioVersion = 15.0.28307.438
MinimumVisualStudioVersion = 10.0.40219.1
Project("{8BC9CEB8-8B4A-11D0-8D11-00A0C91BC942}") = "machinavjezbe", "machinavjezbe.vcxproj", "{CC4360EF-16B0-4208-B177-717D0CFE0984}"
EndProject
Global
	GlobalSection(SolutionConfigurationPlatforms) = preSolution
		Debug|x64 = Debug|x64
		Debug|x86 = Debug|x86
		Release|x64 = Release|x64
		Release|x86 = Release|x86
	EndGlobalSection
	GlobalSection(ProjectConfigurationPlatforms) = postSolution
		{CC4360EF-16B0-4208-B177-717D0CFE0984}.Debug|x64.ActiveCfg = Debug|x64
		{CC4360EF-16B0-4208-B177-717D0CFE0984}.Debug|x64.Build.0 = Debug|x64
		{CC4360EF-16B0-4208-B177-717D0CFE0984}.Debug|x86.ActiveCfg = Debug|Win32
		{CC4360EF-16B0-4208-B177-717D0CFE0984}.Debug|x86.Build.0 = Debug|Win32
		{CC4360EF-16B0-4208-B177-717D0CFE0984}.Release|x64.ActiveCfg = Release|x64
		{CC4360EF-16B0-4208-B177-717D0CFE0984}.Release|x64.Build.0 = Release|x64
		{CC4360EF-16B0-4208-B177-717D0CFE0984}.Release|x86.ActiveCfg = Release|Win32
		{CC4360EF-16B0-4208-B177-717D0CFE0984}.Release|x86.Build.0 = Release|Win32
	EndGlobalSection
	GlobalSection(SolutionProperties) = preSolution
		HideSolutionNode = FALSE
	EndGlobalSection
	GlobalSection(ExtensibilityGlobals) = postSolution
		SolutionGuid = {039D67B3-5B0B-47FD-9CE7-FC3FBE12B85D}
	EndGlobalSection
EndGlobal
